
Microsoft Visual Studio Solution File, Format Version 12.00
# Visual Studio Version 17
VisualStudioVersion = 17.0.31903.59
MinimumVisualStudioVersion = 10.0.40219.1
Project("{2150E333-8FDC-42A3-9474-1A3956D46DE8}") = "src", "src", "{827E0CD3-B72D-47B6-A68D-7590B98EB39B}"
EndProject
Project("{FAE04EC0-301F-11D3-BF4B-00C04F79EFBC}") = "PinballScores.Core", "src\PinballScores.Core\PinballScores.Core.csproj", "{36769156-612C-4791-A5C2-FDF406ACAF30}"
EndProject
Project("{FAE04EC0-301F-11D3-BF4B-00C04F79EFBC}") = "PinballScores.Service", "src\PinballScores.Service\PinballScores.Service.csproj", "{82F84DE1-A6ED-4FFC-BF6F-A0814F21A8C6}"
EndProject
Project("{2150E333-8FDC-42A3-9474-1A3956D46DE8}") = "tests", "tests", "{0AB3BF05-4346-4AA6-1389-037BE0695223}"
EndProject
Project("{FAE04EC0-301F-11D3-BF4B-00C04F79EFBC}") = "PinballScores.Tests", "tests\PinballScores.Tests\PinballScores.Tests.csproj", "{D63C6763-D80A-4375-8B2E-0C25752D1D34}"
EndProject
Global
	GlobalSection(SolutionConfigurationPlatforms) = preSolution
		Debug|Any CPU = Debug|Any CPU
		Debug|x64 = Debug|x64
		Debug|x86 = Debug|x86
		Release|Any CPU = Release|Any CPU
		Release|x64 = Release|x64
		Release|x86 = Release|x86
	EndGlobalSection
	GlobalSection(ProjectConfigurationPlatforms) = postSolution
		{36769156-612C-4791-A5C2-FDF406ACAF30}.Debug|Any CPU.ActiveCfg = Debug|Any CPU
		{36769156-612C-4791-A5C2-FDF406ACAF30}.Debug|Any CPU.Build.0 = Debug|Any CPU
		{36769156-612C-4791-A5C2-FDF406ACAF30}.Debug|x64.ActiveCfg = Debug|Any CPU
		{36769156-612C-4791-A5C2-FDF406ACAF30}.Debug|x64.Build.0 = Debug|Any CPU
		{36769156-612C-4791-A5C2-FDF406ACAF30}.Debug|x86.ActiveCfg = Debug|Any CPU
		{36769156-612C-4791-A5C2-FDF406ACAF30}.Debug|x86.Build.0 = Debug|Any CPU
		{36769156-612C-4791-A5C2-FDF406ACAF30}.Release|Any CPU.ActiveCfg = Release|Any CPU
		{36769156-612C-4791-A5C2-FDF406ACAF30}.Release|Any CPU.Build.0 = Release|Any CPU
		{36769156-612C-4791-A5C2-FDF406ACAF30}.Release|x64.ActiveCfg = Release|Any CPU
		{36769156-612C-4791-A5C2-FDF406ACAF30}.Release|x64.Build.0 = Release|Any CPU
		{36769156-612C-4791-A5C2-FDF406ACAF30}.Release|x86.ActiveCfg = Release|Any CPU
		{36769156-612C-4791-A5C2-FDF406ACAF30}.Release|x86.Build.0 = Release|Any CPU
		{82F84DE1-A6ED-4FFC-BF6F-A0814F21A8C6}.Debug|Any CPU.ActiveCfg = Debug|Any CPU
		{82F84DE1-A6ED-4FFC-BF6F-A0814F21A8C6}.Debug|Any CPU.Build.0 = Debug|Any CPU
		{82F84DE1-A6ED-4FFC-BF6F-A0814F21A8C6}.Debug|x64.ActiveCfg = Debug|Any CPU
		{82F84DE1-A6ED-4FFC-BF6F-A0814F21A8C6}.Debug|x64.Build.0 = Debug|Any CPU
		{82F84DE1-A6ED-4FFC-BF6F-A0814F21A8C6}.Debug|x86.ActiveCfg = Debug|Any CPU
		{82F84DE1-A6ED-4FFC-BF6F-A0814F21A8C6}.Debug|x86.Build.0 = Debug|Any CPU
		{82F84DE1-A6ED-4FFC-BF6F-A0814F21A8C6}.Release|Any CPU.ActiveCfg = Release|Any CPU
		{82F84DE1-A6ED-4FFC-BF6F-A0814F21A8C6}.Release|Any CPU.Build.0 = Release|Any CPU
		{82F84DE1-A6ED-4FFC-BF6F-A0814F21A8C6}.Release|x64.ActiveCfg = Release|Any CPU
		{82F84DE1-A6ED-4FFC-BF6F-A0814F21A8C6}.Release|x64.Build.0 = Release|Any CPU
		{82F84DE1-A6ED-4FFC-BF6F-A0814F21A8C6}.Release|x86.ActiveCfg = Release|Any CPU
		{82F84DE1-A6ED-4FFC-BF6F-A0814F21A8C6}.Release|x86.Build.0 = Release|Any CPU
		{D63C6763-D80A-4375-8B2E-0C25752D1D34}.Debug|Any CPU.ActiveCfg = Debug|Any CPU
		{D63C6763-D80A-4375-8B2E-0C25752D1D34}.Debug|Any CPU.Build.0 = Debug|Any CPU
		{D63C6763-D80A-4375-8B2E-0C25752D1D34}.Debug|x64.ActiveCfg = Debug|Any CPU
		{D63C6763-D80A-4375-8B2E-0C25752D1D34}.Debug|x64.Build.0 = Debug|Any CPU
		{D63C6763-D80A-4375-8B2E-0C25752D1D34}.Debug|x86.ActiveCfg = Debug|Any CPU
		{D63C6763-D80A-4375-8B2E-0C25752D1D34}.Debug|x86.Build.0 = Debug|Any CPU
		{D63C6763-D80A-4375-8B2E-0C25752D1D34}.Release|Any CPU.ActiveCfg = Release|Any CPU
		{D63C6763-D80A-4375-8B2E-0C25752D1D34}.Release|Any CPU.Build.0 = Release|Any CPU
		{D63C6763-D80A-4375-8B2E-0C25752D1D34}.Release|x64.ActiveCfg = Release|Any CPU
		{D63C6763-D80A-4375-8B2E-0C25752D1D34}.Release|x64.Build.0 = Release|Any CPU
		{D63C6763-D80A-4375-8B2E-0C25752D1D34}.Release|x86.ActiveCfg = Release|Any CPU
		{D63C6763-D80A-4375-8B2E-0C25752D1D34}.Release|x86.Build.0 = Release|Any CPU
	EndGlobalSection
	GlobalSection(SolutionProperties) = preSolution
		HideSolutionNode = FALSE
	EndGlobalSection
	GlobalSection(NestedProjects) = preSolution
		{36769156-612C-4791-A5C2-FDF406ACAF30} = {827E0CD3-B72D-47B6-A68D-7590B98EB39B}
		{82F84DE1-A6ED-4FFC-BF6F-A0814F21A8C6} = {827E0CD3-B72D-47B6-A68D-7590B98EB39B}
		{D63C6763-D80A-4375-8B2E-0C25752D1D34} = {0AB3BF05-4346-4AA6-1389-037BE0695223}
	EndGlobalSection
EndGlobal
