
Microsoft Visual Studio Solution File, Format Version 12.00
# Visual Studio Version 17
VisualStudioVersion = 17.1.32328.378
MinimumVisualStudioVersion = 10.0.40219.1
Project("{9A19103F-16F7-4668-BE54-9A1E7A4F7556}") = "PinballScores", "PinballScores\PinballScores.csproj", "{5A994D1B-AFDD-432F-AB33-F365C736FF21}"
EndProject
Project("{9A19103F-16F7-4668-BE54-9A1E7A4F7556}") = "PinballScoresTest", "PinballScoresTest\PinballScoresTest.csproj", "{5540313C-39C7-472C-990B-B4D5D5C89F9E}"
EndProject
Project("{2150E333-8FDC-42A3-9474-1A3956D46DE8}") = "Solution Items", "Solution Items", "{B6FD2754-AC3E-4551-AEE0-719B726DD5FB}"
	ProjectSection(SolutionItems) = preProject
		.gitignore = .gitignore
		README.md = README.md
	EndProjectSection
EndProject
Global
	GlobalSection(SolutionConfigurationPlatforms) = preSolution
		Debug|Any CPU = Debug|Any CPU
		Release|Any CPU = Release|Any CPU
	EndGlobalSection
	GlobalSection(ProjectConfigurationPlatforms) = postSolution
		{5A994D1B-AFDD-432F-AB33-F365C736FF21}.Debug|Any CPU.ActiveCfg = Debug|Any CPU
		{5A994D1B-AFDD-432F-AB33-F365C736FF21}.Debug|Any CPU.Build.0 = Debug|Any CPU
		{5A994D1B-AFDD-432F-AB33-F365C736FF21}.Release|Any CPU.ActiveCfg = Release|Any CPU
		{5A994D1B-AFDD-432F-AB33-F365C736FF21}.Release|Any CPU.Build.0 = Release|Any CPU
		{5540313C-39C7-472C-990B-B4D5D5C89F9E}.Debug|Any CPU.ActiveCfg = Debug|Any CPU
		{5540313C-39C7-472C-990B-B4D5D5C89F9E}.Debug|Any CPU.Build.0 = Debug|Any CPU
		{5540313C-39C7-472C-990B-B4D5D5C89F9E}.Release|Any CPU.ActiveCfg = Release|Any CPU
		{5540313C-39C7-472C-990B-B4D5D5C89F9E}.Release|Any CPU.Build.0 = Release|Any CPU
	EndGlobalSection
	GlobalSection(SolutionProperties) = preSolution
		HideSolutionNode = FALSE
	EndGlobalSection
	GlobalSection(ExtensibilityGlobals) = postSolution
		SolutionGuid = {25E6F64D-05EC-4C00-A5ED-211B2786A303}
	EndGlobalSection
EndGlobal
